
Microsoft Visual Studio Solution File, Format Version 12.00
# Visual Studio Version 17
VisualStudioVersion = 17.9.34728.123
MinimumVisualStudioVersion = 10.0.40219.1
Project("{FAE04EC0-301F-11D3-BF4B-00C04F79EFBC}") = "LunaServicios", "LunaServicios\LunaServicios.csproj", "{BB0EAC23-2C07-4C9D-A468-857913EAAAC5}"
EndProject
Project("{FAE04EC0-301F-11D3-BF4B-00C04F79EFBC}") = "Models", "Models\Models.csproj", "{2B5CBCA7-1E63-464F-A3CF-53D51885AC04}"
EndProject
Project("{FAE04EC0-301F-11D3-BF4B-00C04F79EFBC}") = "Repository", "Repository\Repository.csproj", "{425F6971-82BC-42AE-87EF-7C25D0946122}"
EndProject
Project("{FAE04EC0-301F-11D3-BF4B-00C04F79EFBC}") = "Tools", "Tools\Tools.csproj", "{68C756A0-FB21-49F6-8DD2-ED04C57032FA}"
EndProject
Global
	GlobalSection(SolutionConfigurationPlatforms) = preSolution
		Debug|Any CPU = Debug|Any CPU
		Release|Any CPU = Release|Any CPU
	EndGlobalSection
	GlobalSection(ProjectConfigurationPlatforms) = postSolution
		{BB0EAC23-2C07-4C9D-A468-857913EAAAC5}.Debug|Any CPU.ActiveCfg = Debug|Any CPU
		{BB0EAC23-2C07-4C9D-A468-857913EAAAC5}.Debug|Any CPU.Build.0 = Debug|Any CPU
		{BB0EAC23-2C07-4C9D-A468-857913EAAAC5}.Release|Any CPU.ActiveCfg = Release|Any CPU
		{BB0EAC23-2C07-4C9D-A468-857913EAAAC5}.Release|Any CPU.Build.0 = Release|Any CPU
		{2B5CBCA7-1E63-464F-A3CF-53D51885AC04}.Debug|Any CPU.ActiveCfg = Debug|Any CPU
		{2B5CBCA7-1E63-464F-A3CF-53D51885AC04}.Debug|Any CPU.Build.0 = Debug|Any CPU
		{2B5CBCA7-1E63-464F-A3CF-53D51885AC04}.Release|Any CPU.ActiveCfg = Release|Any CPU
		{2B5CBCA7-1E63-464F-A3CF-53D51885AC04}.Release|Any CPU.Build.0 = Release|Any CPU
		{425F6971-82BC-42AE-87EF-7C25D0946122}.Debug|Any CPU.ActiveCfg = Debug|Any CPU
		{425F6971-82BC-42AE-87EF-7C25D0946122}.Debug|Any CPU.Build.0 = Debug|Any CPU
		{425F6971-82BC-42AE-87EF-7C25D0946122}.Release|Any CPU.ActiveCfg = Release|Any CPU
		{425F6971-82BC-42AE-87EF-7C25D0946122}.Release|Any CPU.Build.0 = Release|Any CPU
		{68C756A0-FB21-49F6-8DD2-ED04C57032FA}.Debug|Any CPU.ActiveCfg = Debug|Any CPU
		{68C756A0-FB21-49F6-8DD2-ED04C57032FA}.Debug|Any CPU.Build.0 = Debug|Any CPU
		{68C756A0-FB21-49F6-8DD2-ED04C57032FA}.Release|Any CPU.ActiveCfg = Release|Any CPU
		{68C756A0-FB21-49F6-8DD2-ED04C57032FA}.Release|Any CPU.Build.0 = Release|Any CPU
	EndGlobalSection
	GlobalSection(SolutionProperties) = preSolution
		HideSolutionNode = FALSE
	EndGlobalSection
	GlobalSection(ExtensibilityGlobals) = postSolution
		SolutionGuid = {9CD86340-4E44-489B-8466-175889978882}
	EndGlobalSection
EndGlobal
